
Microsoft Visual Studio Solution File, Format Version 12.00
# Visual Studio Version 16
VisualStudioVersion = 16.0.29306.81
MinimumVisualStudioVersion = 10.0.40219.1
Project("{FAE04EC0-301F-11D3-BF4B-00C04F79EFBC}") = "EventOrganizer", "EventOrganizer\EventOrganizer.csproj", "{B0D0526D-C5CA-4E0C-8A0F-FCF0C5AAA749}"
EndProject
Project("{FAE04EC0-301F-11D3-BF4B-00C04F79EFBC}") = "EventOrganizer.Tests", "EventOrganizer.Tests\EventOrganizer.Tests.csproj", "{6E3CD01A-82FC-4C67-BAE3-BD1F804F54AB}"
EndProject
Global
	GlobalSection(SolutionConfigurationPlatforms) = preSolution
		Debug|Any CPU = Debug|Any CPU
		Release|Any CPU = Release|Any CPU
	EndGlobalSection
	GlobalSection(ProjectConfigurationPlatforms) = postSolution
		{B0D0526D-C5CA-4E0C-8A0F-FCF0C5AAA749}.Debug|Any CPU.ActiveCfg = Debug|Any CPU
		{B0D0526D-C5CA-4E0C-8A0F-FCF0C5AAA749}.Debug|Any CPU.Build.0 = Debug|Any CPU
		{B0D0526D-C5CA-4E0C-8A0F-FCF0C5AAA749}.Release|Any CPU.ActiveCfg = Release|Any CPU
		{B0D0526D-C5CA-4E0C-8A0F-FCF0C5AAA749}.Release|Any CPU.Build.0 = Release|Any CPU
		{6E3CD01A-82FC-4C67-BAE3-BD1F804F54AB}.Debug|Any CPU.ActiveCfg = Debug|Any CPU
		{6E3CD01A-82FC-4C67-BAE3-BD1F804F54AB}.Debug|Any CPU.Build.0 = Debug|Any CPU
		{6E3CD01A-82FC-4C67-BAE3-BD1F804F54AB}.Release|Any CPU.ActiveCfg = Release|Any CPU
		{6E3CD01A-82FC-4C67-BAE3-BD1F804F54AB}.Release|Any CPU.Build.0 = Release|Any CPU
	EndGlobalSection
	GlobalSection(SolutionProperties) = preSolution
		HideSolutionNode = FALSE
	EndGlobalSection
	GlobalSection(ExtensibilityGlobals) = postSolution
		SolutionGuid = {EDE8F607-79F4-4EC4-B8E2-FB721468F4C8}
	EndGlobalSection
EndGlobal
